// !$*UTF8*$!
{
	archiveVersion = 1;
	classes = {
	};
	objectVersion = 48;
	objects = {

/* Begin PBXBuildFile section */
		30851EA8FA8F42263F6AD183 /* Pods_Todoey.framework in Frameworks */ = {isa = PBXBuildFile; fileRef = CDEA5E605DD97C02F825C22D /* Pods_Todoey.framework */; };
		A44A4C8220150EB800C74EC6 /* AppDelegate.swift in Sources */ = {isa = PBXBuildFile; fileRef = A44A4C8120150EB800C74EC6 /* AppDelegate.swift */; };
		A44A4C8420150EB800C74EC6 /* TodoListViewController.swift in Sources */ = {isa = PBXBuildFile; fileRef = A44A4C8320150EB800C74EC6 /* TodoListViewController.swift */; };
		A44A4C8720150EB800C74EC6 /* Main.storyboard in Resources */ = {isa = PBXBuildFile; fileRef = A44A4C8520150EB800C74EC6 /* Main.storyboard */; };
		A44A4C8920150EB800C74EC6 /* Assets.xcassets in Resources */ = {isa = PBXBuildFile; fileRef = A44A4C8820150EB800C74EC6 /* Assets.xcassets */; };
		A44A4C8C20150EB800C74EC6 /* LaunchScreen.storyboard in Resources */ = {isa = PBXBuildFile; fileRef = A44A4C8A20150EB800C74EC6 /* LaunchScreen.storyboard */; };
		A4D219F820191D3400DF1838 /* CategoryViewController.swift in Sources */ = {isa = PBXBuildFile; fileRef = A4D219F720191D3400DF1838 /* CategoryViewController.swift */; };
		A4E0A1B72017DE7900282190 /* DataModel.xcdatamodeld in Sources */ = {isa = PBXBuildFile; fileRef = A4E0A1B52017DE7900282190 /* DataModel.xcdatamodeld */; };
/* End PBXBuildFile section */

/* Begin PBXFileReference section */
		06B04B8FA2AB4333FFD5D835 /* Pods-Todoey.debug.xcconfig */ = {isa = PBXFileReference; includeInIndex = 1; lastKnownFileType = text.xcconfig; name = "Pods-Todoey.debug.xcconfig"; path = "Pods/Target Support Files/Pods-Todoey/Pods-Todoey.debug.xcconfig"; sourceTree = "<group>"; };
		A44A4C7E20150EB800C74EC6 /* Todoey.app */ = {isa = PBXFileReference; explicitFileType = wrapper.application; includeInIndex = 0; path = Todoey.app; sourceTree = BUILT_PRODUCTS_DIR; };
		A44A4C8120150EB800C74EC6 /* AppDelegate.swift */ = {isa = PBXFileReference; lastKnownFileType = sourcecode.swift; path = AppDelegate.swift; sourceTree = "<group>"; };
		A44A4C8320150EB800C74EC6 /* TodoListViewController.swift */ = {isa = PBXFileReference; lastKnownFileType = sourcecode.swift; path = TodoListViewController.swift; sourceTree = "<group>"; };
		A44A4C8620150EB800C74EC6 /* Base */ = {isa = PBXFileReference; lastKnownFileType = file.storyboard; name = Base; path = Base.lproj/Main.storyboard; sourceTree = "<group>"; };
		A44A4C8820150EB800C74EC6 /* Assets.xcassets */ = {isa = PBXFileReference; lastKnownFileType = folder.assetcatalog; name = Assets.xcassets; path = "../Supporting Files/Assets.xcassets"; sourceTree = "<group>"; };
		A44A4C8B20150EB800C74EC6 /* Base */ = {isa = PBXFileReference; lastKnownFileType = file.storyboard; name = Base; path = Base.lproj/LaunchScreen.storyboard; sourceTree = "<group>"; };
		A44A4C8D20150EB800C74EC6 /* Info.plist */ = {isa = PBXFileReference; lastKnownFileType = text.plist.xml; path = Info.plist; sourceTree = "<group>"; };
		A4D219F720191D3400DF1838 /* CategoryViewController.swift */ = {isa = PBXFileReference; lastKnownFileType = sourcecode.swift; path = CategoryViewController.swift; sourceTree = "<group>"; };
		A4E0A1B62017DE7900282190 /* DataModel.xcdatamodel */ = {isa = PBXFileReference; lastKnownFileType = wrapper.xcdatamodel; path = DataModel.xcdatamodel; sourceTree = "<group>"; };
		CDEA5E605DD97C02F825C22D /* Pods_Todoey.framework */ = {isa = PBXFileReference; explicitFileType = wrapper.framework; includeInIndex = 0; path = Pods_Todoey.framework; sourceTree = BUILT_PRODUCTS_DIR; };
		E8F709E5F683C995E839D3B4 /* Pods-Todoey.release.xcconfig */ = {isa = PBXFileReference; includeInIndex = 1; lastKnownFileType = text.xcconfig; name = "Pods-Todoey.release.xcconfig"; path = "Pods/Target Support Files/Pods-Todoey/Pods-Todoey.release.xcconfig"; sourceTree = "<group>"; };
/* End PBXFileReference section */

/* Begin PBXFrameworksBuildPhase section */
		A44A4C7B20150EB800C74EC6 /* Frameworks */ = {
			isa = PBXFrameworksBuildPhase;
			buildActionMask = 2147483647;
			files = (
				30851EA8FA8F42263F6AD183 /* Pods_Todoey.framework in Frameworks */,
			);
			runOnlyForDeploymentPostprocessing = 0;
		};
/* End PBXFrameworksBuildPhase section */

/* Begin PBXGroup section */
		275199DF1CE9A3D03C870514 /* Frameworks */ = {
			isa = PBXGroup;
			children = (
				CDEA5E605DD97C02F825C22D /* Pods_Todoey.framework */,
			);
			name = Frameworks;
			sourceTree = "<group>";
		};
		A44A4C7520150EB800C74EC6 = {
			isa = PBXGroup;
			children = (
				A44A4C8020150EB800C74EC6 /* Todoey */,
				A44A4C7F20150EB800C74EC6 /* Products */,
				CDD3B2DE61478003E51016FC /* Pods */,
				275199DF1CE9A3D03C870514 /* Frameworks */,
			);
			sourceTree = "<group>";
		};
		A44A4C7F20150EB800C74EC6 /* Products */ = {
			isa = PBXGroup;
			children = (
				A44A4C7E20150EB800C74EC6 /* Todoey.app */,
			);
			name = Products;
			sourceTree = "<group>";
		};
		A44A4C8020150EB800C74EC6 /* Todoey */ = {
			isa = PBXGroup;
			children = (
				A4C849932017B72E003056D3 /* Model */,
				A4C849902017B70C003056D3 /* Controller */,
				A4C849912017B714003056D3 /* View */,
				A4C849922017B71E003056D3 /* Supporting Files */,
				A44A4C8D20150EB800C74EC6 /* Info.plist */,
			);
			path = Todoey;
			sourceTree = "<group>";
		};
		A4C849902017B70C003056D3 /* Controller */ = {
			isa = PBXGroup;
			children = (
				A44A4C8120150EB800C74EC6 /* AppDelegate.swift */,
				A44A4C8320150EB800C74EC6 /* TodoListViewController.swift */,
				A4D219F720191D3400DF1838 /* CategoryViewController.swift */,
			);
			path = Controller;
			sourceTree = "<group>";
		};
		A4C849912017B714003056D3 /* View */ = {
			isa = PBXGroup;
			children = (
				A44A4C8520150EB800C74EC6 /* Main.storyboard */,
			);
			path = View;
			sourceTree = "<group>";
		};
		A4C849922017B71E003056D3 /* Supporting Files */ = {
			isa = PBXGroup;
			children = (
				A44A4C8820150EB800C74EC6 /* Assets.xcassets */,
				A44A4C8A20150EB800C74EC6 /* LaunchScreen.storyboard */,
			);
			path = "Supporting Files";
			sourceTree = "<group>";
		};
		A4C849932017B72E003056D3 /* Model */ = {
			isa = PBXGroup;
			children = (
				A4E0A1B52017DE7900282190 /* DataModel.xcdatamodeld */,
			);
			path = Model;
			sourceTree = "<group>";
		};
		CDD3B2DE61478003E51016FC /* Pods */ = {
			isa = PBXGroup;
			children = (
				06B04B8FA2AB4333FFD5D835 /* Pods-Todoey.debug.xcconfig */,
				E8F709E5F683C995E839D3B4 /* Pods-Todoey.release.xcconfig */,
			);
			name = Pods;
			sourceTree = "<group>";
		};
/* End PBXGroup section */

/* Begin PBXNativeTarget section */
		A44A4C7D20150EB800C74EC6 /* Todoey */ = {
			isa = PBXNativeTarget;
			buildConfigurationList = A44A4C9020150EB800C74EC6 /* Build configuration list for PBXNativeTarget "Todoey" */;
			buildPhases = (
				D213BED50F517C600FF0D78E /* [CP] Check Pods Manifest.lock */,
				A44A4C7A20150EB800C74EC6 /* Sources */,
				A44A4C7B20150EB800C74EC6 /* Frameworks */,
				A44A4C7C20150EB800C74EC6 /* Resources */,
				19158A94BDF05C9379BD5CED /* [CP] Embed Pods Frameworks */,
				DE5109F77619407A609C46BF /* [CP] Copy Pods Resources */,
			);
			buildRules = (
			);
			dependencies = (
			);
			name = Todoey;
			productName = Todoey;
			productReference = A44A4C7E20150EB800C74EC6 /* Todoey.app */;
			productType = "com.apple.product-type.application";
		};
/* End PBXNativeTarget section */

/* Begin PBXProject section */
		A44A4C7620150EB800C74EC6 /* Project object */ = {
			isa = PBXProject;
			attributes = {
				LastSwiftUpdateCheck = 0920;
				LastUpgradeCheck = 0920;
				ORGANIZATIONNAME = Tunc;
				TargetAttributes = {
					A44A4C7D20150EB800C74EC6 = {
						CreatedOnToolsVersion = 9.2;
						ProvisioningStyle = Automatic;
					};
				};
			};
			buildConfigurationList = A44A4C7920150EB800C74EC6 /* Build configuration list for PBXProject "Todoey" */;
			compatibilityVersion = "Xcode 8.0";
			developmentRegion = en;
			hasScannedForEncodings = 0;
			knownRegions = (
				en,
				Base,
			);
			mainGroup = A44A4C7520150EB800C74EC6;
			productRefGroup = A44A4C7F20150EB800C74EC6 /* Products */;
			projectDirPath = "";
			projectRoot = "";
			targets = (
				A44A4C7D20150EB800C74EC6 /* Todoey */,
			);
		};
/* End PBXProject section */

/* Begin PBXResourcesBuildPhase section */
		A44A4C7C20150EB800C74EC6 /* Resources */ = {
			isa = PBXResourcesBuildPhase;
			buildActionMask = 2147483647;
			files = (
				A44A4C8C20150EB800C74EC6 /* LaunchScreen.storyboard in Resources */,
				A44A4C8920150EB800C74EC6 /* Assets.xcassets in Resources */,
				A44A4C8720150EB800C74EC6 /* Main.storyboard in Resources */,
			);
			runOnlyForDeploymentPostprocessing = 0;
		};
/* End PBXResourcesBuildPhase section */

/* Begin PBXShellScriptBuildPhase section */
		19158A94BDF05C9379BD5CED /* [CP] Embed Pods Frameworks */ = {
			isa = PBXShellScriptBuildPhase;
			buildActionMask = 2147483647;
			files = (
			);
			inputPaths = (
				"${SRCROOT}/Pods/Target Support Files/Pods-Todoey/Pods-Todoey-frameworks.sh",
				"${BUILT_PRODUCTS_DIR}/Realm/Realm.framework",
				"${BUILT_PRODUCTS_DIR}/RealmSwift/RealmSwift.framework",
			);
			name = "[CP] Embed Pods Frameworks";
			outputPaths = (
				"${TARGET_BUILD_DIR}/${FRAMEWORKS_FOLDER_PATH}/Realm.framework",
				"${TARGET_BUILD_DIR}/${FRAMEWORKS_FOLDER_PATH}/RealmSwift.framework",
			);
			runOnlyForDeploymentPostprocessing = 0;
			shellPath = /bin/sh;
			shellScript = "\"${SRCROOT}/Pods/Target Support Files/Pods-Todoey/Pods-Todoey-frameworks.sh\"\n";
			showEnvVarsInLog = 0;
		};
		D213BED50F517C600FF0D78E /* [CP] Check Pods Manifest.lock */ = {
			isa = PBXShellScriptBuildPhase;
			buildActionMask = 2147483647;
			files = (
			);
			inputPaths = (
				"${PODS_PODFILE_DIR_PATH}/Podfile.lock",
				"${PODS_ROOT}/Manifest.lock",
			);
			name = "[CP] Check Pods Manifest.lock";
			outputPaths = (
				"$(DERIVED_FILE_DIR)/Pods-Todoey-checkManifestLockResult.txt",
			);
			runOnlyForDeploymentPostprocessing = 0;
			shellPath = /bin/sh;
			shellScript = "diff \"${PODS_PODFILE_DIR_PATH}/Podfile.lock\" \"${PODS_ROOT}/Manifest.lock\" > /dev/null\nif [ $? != 0 ] ; then\n    # print error to STDERR\n    echo \"error: The sandbox is not in sync with the Podfile.lock. Run 'pod install' or update your CocoaPods installation.\" >&2\n    exit 1\nfi\n# This output is used by Xcode 'outputs' to avoid re-running this script phase.\necho \"SUCCESS\" > \"${SCRIPT_OUTPUT_FILE_0}\"\n";
			showEnvVarsInLog = 0;
		};
		DE5109F77619407A609C46BF /* [CP] Copy Pods Resources */ = {
			isa = PBXShellScriptBuildPhase;
			buildActionMask = 2147483647;
			files = (
			);
			inputPaths = (
			);
			name = "[CP] Copy Pods Resources";
			outputPaths = (
			);
			runOnlyForDeploymentPostprocessing = 0;
			shellPath = /bin/sh;
			shellScript = "\"${SRCROOT}/Pods/Target Support Files/Pods-Todoey/Pods-Todoey-resources.sh\"\n";
			showEnvVarsInLog = 0;
		};
/* End PBXShellScriptBuildPhase section */

/* Begin PBXSourcesBuildPhase section */
		A44A4C7A20150EB800C74EC6 /* Sources */ = {
			isa = PBXSourcesBuildPhase;
			buildActionMask = 2147483647;
			files = (
				A4D219F820191D3400DF1838 /* CategoryViewController.swift in Sources */,
				A44A4C8420150EB800C74EC6 /* TodoListViewController.swift in Sources */,
				A4E0A1B72017DE7900282190 /* DataModel.xcdatamodeld in Sources */,
				A44A4C8220150EB800C74EC6 /* AppDelegate.swift in Sources */,
			);
			runOnlyForDeploymentPostprocessing = 0;
		};
/* End PBXSourcesBuildPhase section */

/* Begin PBXVariantGroup section */
		A44A4C8520150EB800C74EC6 /* Main.storyboard */ = {
			isa = PBXVariantGroup;
			children = (
				A44A4C8620150EB800C74EC6 /* Base */,
			);
			name = Main.storyboard;
			path = ../View;
			sourceTree = "<group>";
		};
		A44A4C8A20150EB800C74EC6 /* LaunchScreen.storyboard */ = {
			isa = PBXVariantGroup;
			children = (
				A44A4C8B20150EB800C74EC6 /* Base */,
			);
			name = LaunchScreen.storyboard;
			path = "../Supporting Files";
			sourceTree = "<group>";
		};
/* End PBXVariantGroup section */

/* Begin XCBuildConfiguration section */
		A44A4C8E20150EB800C74EC6 /* Debug */ = {
			isa = XCBuildConfiguration;
			buildSettings = {
				ALWAYS_SEARCH_USER_PATHS = NO;
				CLANG_ANALYZER_NONNULL = YES;
				CLANG_ANALYZER_NUMBER_OBJECT_CONVERSION = YES_AGGRESSIVE;
				CLANG_CXX_LANGUAGE_STANDARD = "gnu++14";
				CLANG_CXX_LIBRARY = "libc++";
				CLANG_ENABLE_MODULES = YES;
				CLANG_ENABLE_OBJC_ARC = YES;
				CLANG_WARN_BLOCK_CAPTURE_AUTORELEASING = YES;
				CLANG_WARN_BOOL_CONVERSION = YES;
				CLANG_WARN_COMMA = YES;
				CLANG_WARN_CONSTANT_CONVERSION = YES;
				CLANG_WARN_DIRECT_OBJC_ISA_USAGE = YES_ERROR;
				CLANG_WARN_DOCUMENTATION_COMMENTS = YES;
				CLANG_WARN_EMPTY_BODY = YES;
				CLANG_WARN_ENUM_CONVERSION = YES;
				CLANG_WARN_INFINITE_RECURSION = YES;
				CLANG_WARN_INT_CONVERSION = YES;
				CLANG_WARN_NON_LITERAL_NULL_CONVERSION = YES;
				CLANG_WARN_OBJC_LITERAL_CONVERSION = YES;
				CLANG_WARN_OBJC_ROOT_CLASS = YES_ERROR;
				CLANG_WARN_RANGE_LOOP_ANALYSIS = YES;
				CLANG_WARN_STRICT_PROTOTYPES = YES;
				CLANG_WARN_SUSPICIOUS_MOVE = YES;
				CLANG_WARN_UNGUARDED_AVAILABILITY = YES_AGGRESSIVE;
				CLANG_WARN_UNREACHABLE_CODE = YES;
				CLANG_WARN__DUPLICATE_METHOD_MATCH = YES;
				CODE_SIGN_IDENTITY = "iPhone Developer";
				COPY_PHASE_STRIP = NO;
				DEBUG_INFORMATION_FORMAT = dwarf;
				ENABLE_STRICT_OBJC_MSGSEND = YES;
				ENABLE_TESTABILITY = YES;
				GCC_C_LANGUAGE_STANDARD = gnu11;
				GCC_DYNAMIC_NO_PIC = NO;
				GCC_NO_COMMON_BLOCKS = YES;
				GCC_OPTIMIZATION_LEVEL = 0;
				GCC_PREPROCESSOR_DEFINITIONS = (
					"DEBUG=1",
					"$(inherited)",
				);
				GCC_WARN_64_TO_32_BIT_CONVERSION = YES;
				GCC_WARN_ABOUT_RETURN_TYPE = YES_ERROR;
				GCC_WARN_UNDECLARED_SELECTOR = YES;
				GCC_WARN_UNINITIALIZED_AUTOS = YES_AGGRESSIVE;
				GCC_WARN_UNUSED_FUNCTION = YES;
				GCC_WARN_UNUSED_VARIABLE = YES;
				IPHONEOS_DEPLOYMENT_TARGET = 11.2;
				MTL_ENABLE_DEBUG_INFO = YES;
				ONLY_ACTIVE_ARCH = YES;
				SDKROOT = iphoneos;
				SWIFT_ACTIVE_COMPILATION_CONDITIONS = DEBUG;
				SWIFT_OPTIMIZATION_LEVEL = "-Onone";
			};
			name = Debug;
		};
		A44A4C8F20150EB800C74EC6 /* Release */ = {
			isa = XCBuildConfiguration;
			buildSettings = {
				ALWAYS_SEARCH_USER_PATHS = NO;
				CLANG_ANALYZER_NONNULL = YES;
				CLANG_ANALYZER_NUMBER_OBJECT_CONVERSION = YES_AGGRESSIVE;
				CLANG_CXX_LANGUAGE_STANDARD = "gnu++14";
				CLANG_CXX_LIBRARY = "libc++";
				CLANG_ENABLE_MODULES = YES;
				CLANG_ENABLE_OBJC_ARC = YES;
				CLANG_WARN_BLOCK_CAPTURE_AUTORELEASING = YES;
				CLANG_WARN_BOOL_CONVERSION = YES;
				CLANG_WARN_COMMA = YES;
				CLANG_WARN_CONSTANT_CONVERSION = YES;
				CLANG_WARN_DIRECT_OBJC_ISA_USAGE = YES_ERROR;
				CLANG_WARN_DOCUMENTATION_COMMENTS = YES;
				CLANG_WARN_EMPTY_BODY = YES;
				CLANG_WARN_ENUM_CONVERSION = YES;
				CLANG_WARN_INFINITE_RECURSION = YES;
				CLANG_WARN_INT_CONVERSION = YES;
				CLANG_WARN_NON_LITERAL_NULL_CONVERSION = YES;
				CLANG_WARN_OBJC_LITERAL_CONVERSION = YES;
				CLANG_WARN_OBJC_ROOT_CLASS = YES_ERROR;
				CLANG_WARN_RANGE_LOOP_ANALYSIS = YES;
				CLANG_WARN_STRICT_PROTOTYPES = YES;
				CLANG_WARN_SUSPICIOUS_MOVE = YES;
				CLANG_WARN_UNGUARDED_AVAILABILITY = YES_AGGRESSIVE;
				CLANG_WARN_UNREACHABLE_CODE = YES;
				CLANG_WARN__DUPLICATE_METHOD_MATCH = YES;
				CODE_SIGN_IDENTITY = "iPhone Developer";
				COPY_PHASE_STRIP = NO;
				DEBUG_INFORMATION_FORMAT = "dwarf-with-dsym";
				ENABLE_NS_ASSERTIONS = NO;
				ENABLE_STRICT_OBJC_MSGSEND = YES;
				GCC_C_LANGUAGE_STANDARD = gnu11;
				GCC_NO_COMMON_BLOCKS = YES;
				GCC_WARN_64_TO_32_BIT_CONVERSION = YES;
				GCC_WARN_ABOUT_RETURN_TYPE = YES_ERROR;
				GCC_WARN_UNDECLARED_SELECTOR = YES;
				GCC_WARN_UNINITIALIZED_AUTOS = YES_AGGRESSIVE;
				GCC_WARN_UNUSED_FUNCTION = YES;
				GCC_WARN_UNUSED_VARIABLE = YES;
				IPHONEOS_DEPLOYMENT_TARGET = 11.2;
				MTL_ENABLE_DEBUG_INFO = NO;
				SDKROOT = iphoneos;
				SWIFT_OPTIMIZATION_LEVEL = "-Owholemodule";
				VALIDATE_PRODUCT = YES;
			};
			name = Release;
		};
		A44A4C9120150EB800C74EC6 /* Debug */ = {
			isa = XCBuildConfiguration;
			baseConfigurationReference = 06B04B8FA2AB4333FFD5D835 /* Pods-Todoey.debug.xcconfig */;
			buildSettings = {
				ASSETCATALOG_COMPILER_APPICON_NAME = AppIcon;
				CODE_SIGN_STYLE = Automatic;
				DEVELOPMENT_TEAM = D3KPXD39C5;
				INFOPLIST_FILE = Todoey/Info.plist;
				LD_RUNPATH_SEARCH_PATHS = "$(inherited) @executable_path/Frameworks";
				PRODUCT_BUNDLE_IDENTIFIER = com.tunc.Todoey;
				PRODUCT_NAME = "$(TARGET_NAME)";
				SWIFT_VERSION = 4.0;
				TARGETED_DEVICE_FAMILY = "1,2";
			};
			name = Debug;
		};
		A44A4C9220150EB800C74EC6 /* Release */ = {
			isa = XCBuildConfiguration;
			baseConfigurationReference = E8F709E5F683C995E839D3B4 /* Pods-Todoey.release.xcconfig */;
			buildSettings = {
				ASSETCATALOG_COMPILER_APPICON_NAME = AppIcon;
				CODE_SIGN_STYLE = Automatic;
				DEVELOPMENT_TEAM = D3KPXD39C5;
				INFOPLIST_FILE = Todoey/Info.plist;
				LD_RUNPATH_SEARCH_PATHS = "$(inherited) @executable_path/Frameworks";
				PRODUCT_BUNDLE_IDENTIFIER = com.tunc.Todoey;
				PRODUCT_NAME = "$(TARGET_NAME)";
				SWIFT_VERSION = 4.0;
				TARGETED_DEVICE_FAMILY = "1,2";
			};
			name = Release;
		};
/* End XCBuildConfiguration section */

/* Begin XCConfigurationList section */
		A44A4C7920150EB800C74EC6 /* Build configuration list for PBXProject "Todoey" */ = {
			isa = XCConfigurationList;
			buildConfigurations = (
				A44A4C8E20150EB800C74EC6 /* Debug */,
				A44A4C8F20150EB800C74EC6 /* Release */,
			);
			defaultConfigurationIsVisible = 0;
			defaultConfigurationName = Release;
		};
		A44A4C9020150EB800C74EC6 /* Build configuration list for PBXNativeTarget "Todoey" */ = {
			isa = XCConfigurationList;
			buildConfigurations = (
				A44A4C9120150EB800C74EC6 /* Debug */,
				A44A4C9220150EB800C74EC6 /* Release */,
			);
			defaultConfigurationIsVisible = 0;
			defaultConfigurationName = Release;
		};
/* End XCConfigurationList section */

/* Begin XCVersionGroup section */
		A4E0A1B52017DE7900282190 /* DataModel.xcdatamodeld */ = {
			isa = XCVersionGroup;
			children = (
				A4E0A1B62017DE7900282190 /* DataModel.xcdatamodel */,
			);
			currentVersion = A4E0A1B62017DE7900282190 /* DataModel.xcdatamodel */;
			path = DataModel.xcdatamodeld;
			sourceTree = "<group>";
			versionGroupType = wrapper.xcdatamodel;
		};
/* End XCVersionGroup section */
	};
	rootObject = A44A4C7620150EB800C74EC6 /* Project object */;
}
